# This file is autogenerated, do not edit; changes may be undone by the next 'dep ensure'.


[[projects]]
  branch = "master"
  name = "github.com/bgentry/go-netrc"
  packages = ["netrc"]
  revision = "9fd32a8b3d3d3f9d43c341bfe098430e07609480"

[[projects]]
  name = "github.com/cyberark/conjur-api-go"
  packages = [
    "conjurapi",
    "conjurapi/authn",
    "conjurapi/response"
  ]
  revision = "f1ab305f73250ebe61fb4f03792a6c55355bade1"
  version = "v0.3.0"

[[projects]]
  name = "github.com/cyberark/summon"
  packages = ["secretsyml"]
  revision = "ccba7f02712c3c41f0cc4f4c4da805f43f0889f2"
  version = "v0.6.5"

[[projects]]
  branch = "master"
  name = "github.com/mitchellh/go-homedir"
  packages = ["."]
  revision = "b8bc1bf767474819792c23f32d8286a45736f1c6"

[[projects]]
  branch = "v1"
  name = "gopkg.in/yaml.v1"
  packages = ["."]
  revision = "9f9df34309c04878acc86042b16630b0f696e1de"

[solve-meta]
  analyzer-name = "dep"
  analyzer-version = 1
  inputs-digest = "273e4ff5f41e680008c2a9a5fbc4580a4b66e1149df1e42a474059cdd1478858"
  solver-name = "gps-cdcl"
  solver-version = 1
